
Microsoft Visual Studio Solution File, Format Version 12.00
Project("{FAE04EC0-301F-11D3-BF4B-00C04F79EFBC}") = "ahw2", "ahw2.csproj", "{D968AD2F-DA3E-4C79-B9CF-F719C2DFCD1C}"
EndProject
Global
	GlobalSection(SolutionConfigurationPlatforms) = preSolution
		Debug|Any CPU = Debug|Any CPU
		Release|Any CPU = Release|Any CPU
	EndGlobalSection
	GlobalSection(ProjectConfigurationPlatforms) = postSolution
		{D968AD2F-DA3E-4C79-B9CF-F719C2DFCD1C}.Debug|Any CPU.ActiveCfg = Debug|Any CPU
		{D968AD2F-DA3E-4C79-B9CF-F719C2DFCD1C}.Debug|Any CPU.Build.0 = Debug|Any CPU
		{D968AD2F-DA3E-4C79-B9CF-F719C2DFCD1C}.Release|Any CPU.ActiveCfg = Release|Any CPU
		{D968AD2F-DA3E-4C79-B9CF-F719C2DFCD1C}.Release|Any CPU.Build.0 = Release|Any CPU
	EndGlobalSection
EndGlobal
